
Microsoft Visual Studio Solution File, Format Version 12.00
# Visual Studio Version 16
VisualStudioVersion = 16.0.30611.23
MinimumVisualStudioVersion = 10.0.40219.1
Project("{2150E333-8FDC-42A3-9474-1A3956D46DE8}") = "src", "src", "{FBF1BB6F-E749-4432-A0B5-5200CC4A11C3}"
EndProject
Project("{2150E333-8FDC-42A3-9474-1A3956D46DE8}") = "tests", "tests", "{4EA25154-A105-4509-A78B-4DE093FC5E01}"
EndProject
Project("{FAE04EC0-301F-11D3-BF4B-00C04F79EFBC}") = "Alura.LeilaoOnline.Core", "..\Alura.LeilaoOnline.Core\Alura.LeilaoOnline.Core.csproj", "{1FBEED7B-6E29-48C6-A143-31CCA8DA2511}"
EndProject
Global
	GlobalSection(SolutionConfigurationPlatforms) = preSolution
		Debug|Any CPU = Debug|Any CPU
		Release|Any CPU = Release|Any CPU
	EndGlobalSection
	GlobalSection(ProjectConfigurationPlatforms) = postSolution
		{1FBEED7B-6E29-48C6-A143-31CCA8DA2511}.Debug|Any CPU.ActiveCfg = Debug|Any CPU
		{1FBEED7B-6E29-48C6-A143-31CCA8DA2511}.Debug|Any CPU.Build.0 = Debug|Any CPU
		{1FBEED7B-6E29-48C6-A143-31CCA8DA2511}.Release|Any CPU.ActiveCfg = Release|Any CPU
		{1FBEED7B-6E29-48C6-A143-31CCA8DA2511}.Release|Any CPU.Build.0 = Release|Any CPU
	EndGlobalSection
	GlobalSection(SolutionProperties) = preSolution
		HideSolutionNode = FALSE
	EndGlobalSection
	GlobalSection(NestedProjects) = preSolution
		{1FBEED7B-6E29-48C6-A143-31CCA8DA2511} = {FBF1BB6F-E749-4432-A0B5-5200CC4A11C3}
	EndGlobalSection
	GlobalSection(ExtensibilityGlobals) = postSolution
		SolutionGuid = {0E953B74-ABBD-4380-93B3-879D540651BF}
	EndGlobalSection
EndGlobal
